
Microsoft Visual Studio Solution File, Format Version 12.00
# Visual Studio Version 17
VisualStudioVersion = 17.14.36414.22 d17.14
MinimumVisualStudioVersion = 10.0.40219.1
Project("{FAE04EC0-301F-11D3-BF4B-00C04F79EFBC}") = "SquadHubApp", "SquadHubApp.csproj", "{2C5C4E86-9395-4119-B334-E46A3F69D6E7}"
EndProject
Global
	GlobalSection(SolutionConfigurationPlatforms) = preSolution
		Debug|Any CPU = Debug|Any CPU
		Release|Any CPU = Release|Any CPU
	EndGlobalSection
	GlobalSection(ProjectConfigurationPlatforms) = postSolution
		{2C5C4E86-9395-4119-B334-E46A3F69D6E7}.Debug|Any CPU.ActiveCfg = Debug|Any CPU
		{2C5C4E86-9395-4119-B334-E46A3F69D6E7}.Debug|Any CPU.Build.0 = Debug|Any CPU
		{2C5C4E86-9395-4119-B334-E46A3F69D6E7}.Release|Any CPU.ActiveCfg = Release|Any CPU
		{2C5C4E86-9395-4119-B334-E46A3F69D6E7}.Release|Any CPU.Build.0 = Release|Any CPU
	EndGlobalSection
	GlobalSection(SolutionProperties) = preSolution
		HideSolutionNode = FALSE
	EndGlobalSection
	GlobalSection(ExtensibilityGlobals) = postSolution
		SolutionGuid = {B361B428-F65C-4616-A36D-31DBEC5D3983}
	EndGlobalSection
EndGlobal
